
Microsoft Visual Studio Solution File, Format Version 12.00
# Visual Studio 15
VisualStudioVersion = 15.0.28010.2050
MinimumVisualStudioVersion = 10.0.40219.1
Project("{8BC9CEB8-8B4A-11D0-8D11-00A0C91BC942}") = "Project2", "Project2\Project2.vcxproj", "{911EA638-8E6F-4B70-B188-77ECDF43E081}"
EndProject
Project("{8BC9CEB8-8B4A-11D0-8D11-00A0C91BC942}") = "winTest", "winTest\winTest.vcxproj", "{607CB0E9-605D-4324-BD44-EEFAEDE01D20}"
EndProject
Global
	GlobalSection(SolutionConfigurationPlatforms) = preSolution
		Debug|x64 = Debug|x64
		Debug|x86 = Debug|x86
		Release|x64 = Release|x64
		Release|x86 = Release|x86
	EndGlobalSection
	GlobalSection(ProjectConfigurationPlatforms) = postSolution
		{911EA638-8E6F-4B70-B188-77ECDF43E081}.Debug|x64.ActiveCfg = Debug|x64
		{911EA638-8E6F-4B70-B188-77ECDF43E081}.Debug|x64.Build.0 = Debug|x64
		{911EA638-8E6F-4B70-B188-77ECDF43E081}.Debug|x86.ActiveCfg = Debug|Win32
		{911EA638-8E6F-4B70-B188-77ECDF43E081}.Debug|x86.Build.0 = Debug|Win32
		{911EA638-8E6F-4B70-B188-77ECDF43E081}.Release|x64.ActiveCfg = Release|x64
		{911EA638-8E6F-4B70-B188-77ECDF43E081}.Release|x64.Build.0 = Release|x64
		{911EA638-8E6F-4B70-B188-77ECDF43E081}.Release|x86.ActiveCfg = Release|Win32
		{911EA638-8E6F-4B70-B188-77ECDF43E081}.Release|x86.Build.0 = Release|Win32
		{607CB0E9-605D-4324-BD44-EEFAEDE01D20}.Debug|x64.ActiveCfg = Debug|x64
		{607CB0E9-605D-4324-BD44-EEFAEDE01D20}.Debug|x64.Build.0 = Debug|x64
		{607CB0E9-605D-4324-BD44-EEFAEDE01D20}.Debug|x86.ActiveCfg = Debug|Win32
		{607CB0E9-605D-4324-BD44-EEFAEDE01D20}.Debug|x86.Build.0 = Debug|Win32
		{607CB0E9-605D-4324-BD44-EEFAEDE01D20}.Release|x64.ActiveCfg = Release|x64
		{607CB0E9-605D-4324-BD44-EEFAEDE01D20}.Release|x64.Build.0 = Release|x64
		{607CB0E9-605D-4324-BD44-EEFAEDE01D20}.Release|x86.ActiveCfg = Release|Win32
		{607CB0E9-605D-4324-BD44-EEFAEDE01D20}.Release|x86.Build.0 = Release|Win32
	EndGlobalSection
	GlobalSection(SolutionProperties) = preSolution
		HideSolutionNode = FALSE
	EndGlobalSection
	GlobalSection(ExtensibilityGlobals) = postSolution
		SolutionGuid = {B57D80DD-87B6-4BC0-A155-ED74D6B0A4D1}
	EndGlobalSection
EndGlobal
