
Microsoft Visual Studio Solution File, Format Version 12.00
# Visual Studio 15
VisualStudioVersion = 15.0.28307.271
MinimumVisualStudioVersion = 10.0.40219.1
Project("{8BC9CEB8-8B4A-11D0-8D11-00A0C91BC942}") = "Base", "WindowsProject1\WindowsProject1.vcxproj", "{2DBA54AB-6901-4F03-9CD7-C19AFD488785}"
EndProject
Project("{8BC9CEB8-8B4A-11D0-8D11-00A0C91BC942}") = "PenDrawing", "PenDrawing\PenDrawing.vcxproj", "{08F132D1-2F25-477A-A582-64F32EC2A3F8}"
EndProject
Project("{8BC9CEB8-8B4A-11D0-8D11-00A0C91BC942}") = "Graph", "Graph\Graph.vcxproj", "{9B698CA1-45FD-4F9C-9956-4DDBD28664BB}"
EndProject
Global
	GlobalSection(SolutionConfigurationPlatforms) = preSolution
		Debug|x64 = Debug|x64
		Debug|x86 = Debug|x86
		Release|x64 = Release|x64
		Release|x86 = Release|x86
	EndGlobalSection
	GlobalSection(ProjectConfigurationPlatforms) = postSolution
		{2DBA54AB-6901-4F03-9CD7-C19AFD488785}.Debug|x64.ActiveCfg = Debug|x64
		{2DBA54AB-6901-4F03-9CD7-C19AFD488785}.Debug|x64.Build.0 = Debug|x64
		{2DBA54AB-6901-4F03-9CD7-C19AFD488785}.Debug|x86.ActiveCfg = Debug|Win32
		{2DBA54AB-6901-4F03-9CD7-C19AFD488785}.Debug|x86.Build.0 = Debug|Win32
		{2DBA54AB-6901-4F03-9CD7-C19AFD488785}.Release|x64.ActiveCfg = Release|x64
		{2DBA54AB-6901-4F03-9CD7-C19AFD488785}.Release|x64.Build.0 = Release|x64
		{2DBA54AB-6901-4F03-9CD7-C19AFD488785}.Release|x86.ActiveCfg = Release|Win32
		{2DBA54AB-6901-4F03-9CD7-C19AFD488785}.Release|x86.Build.0 = Release|Win32
		{08F132D1-2F25-477A-A582-64F32EC2A3F8}.Debug|x64.ActiveCfg = Debug|x64
		{08F132D1-2F25-477A-A582-64F32EC2A3F8}.Debug|x64.Build.0 = Debug|x64
		{08F132D1-2F25-477A-A582-64F32EC2A3F8}.Debug|x86.ActiveCfg = Debug|Win32
		{08F132D1-2F25-477A-A582-64F32EC2A3F8}.Debug|x86.Build.0 = Debug|Win32
		{08F132D1-2F25-477A-A582-64F32EC2A3F8}.Release|x64.ActiveCfg = Release|x64
		{08F132D1-2F25-477A-A582-64F32EC2A3F8}.Release|x64.Build.0 = Release|x64
		{08F132D1-2F25-477A-A582-64F32EC2A3F8}.Release|x86.ActiveCfg = Release|Win32
		{08F132D1-2F25-477A-A582-64F32EC2A3F8}.Release|x86.Build.0 = Release|Win32
		{9B698CA1-45FD-4F9C-9956-4DDBD28664BB}.Debug|x64.ActiveCfg = Debug|x64
		{9B698CA1-45FD-4F9C-9956-4DDBD28664BB}.Debug|x64.Build.0 = Debug|x64
		{9B698CA1-45FD-4F9C-9956-4DDBD28664BB}.Debug|x86.ActiveCfg = Debug|Win32
		{9B698CA1-45FD-4F9C-9956-4DDBD28664BB}.Debug|x86.Build.0 = Debug|Win32
		{9B698CA1-45FD-4F9C-9956-4DDBD28664BB}.Release|x64.ActiveCfg = Release|x64
		{9B698CA1-45FD-4F9C-9956-4DDBD28664BB}.Release|x64.Build.0 = Release|x64
		{9B698CA1-45FD-4F9C-9956-4DDBD28664BB}.Release|x86.ActiveCfg = Release|Win32
		{9B698CA1-45FD-4F9C-9956-4DDBD28664BB}.Release|x86.Build.0 = Release|Win32
	EndGlobalSection
	GlobalSection(SolutionProperties) = preSolution
		HideSolutionNode = FALSE
	EndGlobalSection
	GlobalSection(ExtensibilityGlobals) = postSolution
		SolutionGuid = {AB2D3845-1D7B-42F7-BADB-10782141D3BA}
	EndGlobalSection
EndGlobal
