
Microsoft Visual Studio Solution File, Format Version 12.00
# Visual Studio 15
VisualStudioVersion = 15.0.28010.2050
MinimumVisualStudioVersion = 10.0.40219.1
Project("{8BC9CEB8-8B4A-11D0-8D11-00A0C91BC942}") = "main", "main\main.vcxproj", "{01530D1B-8E71-42AE-8795-5A1478F887AB}"
EndProject
Global
	GlobalSection(SolutionConfigurationPlatforms) = preSolution
		Debug|x64 = Debug|x64
		Debug|x86 = Debug|x86
		Release|x64 = Release|x64
		Release|x86 = Release|x86
	EndGlobalSection
	GlobalSection(ProjectConfigurationPlatforms) = postSolution
		{01530D1B-8E71-42AE-8795-5A1478F887AB}.Debug|x64.ActiveCfg = Debug|x64
		{01530D1B-8E71-42AE-8795-5A1478F887AB}.Debug|x64.Build.0 = Debug|x64
		{01530D1B-8E71-42AE-8795-5A1478F887AB}.Debug|x86.ActiveCfg = Debug|Win32
		{01530D1B-8E71-42AE-8795-5A1478F887AB}.Debug|x86.Build.0 = Debug|Win32
		{01530D1B-8E71-42AE-8795-5A1478F887AB}.Release|x64.ActiveCfg = Release|x64
		{01530D1B-8E71-42AE-8795-5A1478F887AB}.Release|x64.Build.0 = Release|x64
		{01530D1B-8E71-42AE-8795-5A1478F887AB}.Release|x86.ActiveCfg = Release|Win32
		{01530D1B-8E71-42AE-8795-5A1478F887AB}.Release|x86.Build.0 = Release|Win32
	EndGlobalSection
	GlobalSection(SolutionProperties) = preSolution
		HideSolutionNode = FALSE
	EndGlobalSection
	GlobalSection(ExtensibilityGlobals) = postSolution
		SolutionGuid = {01EA9897-1AD1-4088-8A44-C68B43D0B8A8}
	EndGlobalSection
EndGlobal
