
Microsoft Visual Studio Solution File, Format Version 12.00
# Visual Studio 15
VisualStudioVersion = 15.0.28010.2050
MinimumVisualStudioVersion = 10.0.40219.1
Project("{8BC9CEB8-8B4A-11D0-8D11-00A0C91BC942}") = "main", "main\main.vcxproj", "{214266F5-E720-4406-A1FE-F317CB7D77EC}"
EndProject
Global
	GlobalSection(SolutionConfigurationPlatforms) = preSolution
		Debug|x64 = Debug|x64
		Debug|x86 = Debug|x86
		Release|x64 = Release|x64
		Release|x86 = Release|x86
	EndGlobalSection
	GlobalSection(ProjectConfigurationPlatforms) = postSolution
		{214266F5-E720-4406-A1FE-F317CB7D77EC}.Debug|x64.ActiveCfg = Debug|x64
		{214266F5-E720-4406-A1FE-F317CB7D77EC}.Debug|x64.Build.0 = Debug|x64
		{214266F5-E720-4406-A1FE-F317CB7D77EC}.Debug|x86.ActiveCfg = Debug|Win32
		{214266F5-E720-4406-A1FE-F317CB7D77EC}.Debug|x86.Build.0 = Debug|Win32
		{214266F5-E720-4406-A1FE-F317CB7D77EC}.Release|x64.ActiveCfg = Release|x64
		{214266F5-E720-4406-A1FE-F317CB7D77EC}.Release|x64.Build.0 = Release|x64
		{214266F5-E720-4406-A1FE-F317CB7D77EC}.Release|x86.ActiveCfg = Release|Win32
		{214266F5-E720-4406-A1FE-F317CB7D77EC}.Release|x86.Build.0 = Release|Win32
	EndGlobalSection
	GlobalSection(SolutionProperties) = preSolution
		HideSolutionNode = FALSE
	EndGlobalSection
	GlobalSection(ExtensibilityGlobals) = postSolution
		SolutionGuid = {F4DD97CA-978C-492D-9063-C5BF2C6B82B6}
	EndGlobalSection
EndGlobal
